
Microsoft Visual Studio Solution File, Format Version 12.00
Project("{FAE04EC0-301F-11D3-BF4B-00C04F79EFBC}") = "ConsoleApp1", "ConsoleApp1\ConsoleApp1.csproj", "{7F4D0C06-152C-4B16-9DF2-1E3164E7BEEA}"
EndProject
Global
	GlobalSection(SolutionConfigurationPlatforms) = preSolution
		Debug|Any CPU = Debug|Any CPU
		Release|Any CPU = Release|Any CPU
	EndGlobalSection
	GlobalSection(ProjectConfigurationPlatforms) = postSolution
		{7F4D0C06-152C-4B16-9DF2-1E3164E7BEEA}.Debug|Any CPU.ActiveCfg = Debug|Any CPU
		{7F4D0C06-152C-4B16-9DF2-1E3164E7BEEA}.Debug|Any CPU.Build.0 = Debug|Any CPU
		{7F4D0C06-152C-4B16-9DF2-1E3164E7BEEA}.Release|Any CPU.ActiveCfg = Release|Any CPU
		{7F4D0C06-152C-4B16-9DF2-1E3164E7BEEA}.Release|Any CPU.Build.0 = Release|Any CPU
	EndGlobalSection
EndGlobal
